
Microsoft Visual Studio Solution File, Format Version 12.00
# Visual Studio Version 16
VisualStudioVersion = 16.0.30413.136
MinimumVisualStudioVersion = 10.0.40219.1
Project("{9A19103F-16F7-4668-BE54-9A1E7A4F7556}") = "ProyDentoWeb", "ProyDentoWeb.csproj", "{A50910C0-45CD-43E5-943F-840BD209EB01}"
EndProject
Global
	GlobalSection(SolutionConfigurationPlatforms) = preSolution
		Debug|Any CPU = Debug|Any CPU
		Release|Any CPU = Release|Any CPU
	EndGlobalSection
	GlobalSection(ProjectConfigurationPlatforms) = postSolution
		{A50910C0-45CD-43E5-943F-840BD209EB01}.Debug|Any CPU.ActiveCfg = Debug|Any CPU
		{A50910C0-45CD-43E5-943F-840BD209EB01}.Debug|Any CPU.Build.0 = Debug|Any CPU
		{A50910C0-45CD-43E5-943F-840BD209EB01}.Release|Any CPU.ActiveCfg = Release|Any CPU
		{A50910C0-45CD-43E5-943F-840BD209EB01}.Release|Any CPU.Build.0 = Release|Any CPU
	EndGlobalSection
	GlobalSection(SolutionProperties) = preSolution
		HideSolutionNode = FALSE
	EndGlobalSection
	GlobalSection(ExtensibilityGlobals) = postSolution
		SolutionGuid = {DC224364-C4F5-4922-8A8E-DC75D3CD0073}
	EndGlobalSection
EndGlobal
